
Microsoft Visual Studio Solution File, Format Version 12.00
# Visual Studio Version 17
VisualStudioVersion = 17.3.32929.385
MinimumVisualStudioVersion = 10.0.40219.1
Project("{FAE04EC0-301F-11D3-BF4B-00C04F79EFBC}") = "BiedaCommander", "BiedaCommander\BiedaCommander.csproj", "{7D69F535-7A35-4686-A96D-4F7207D15F42}"
EndProject
Global
	GlobalSection(SolutionConfigurationPlatforms) = preSolution
		Debug|Any CPU = Debug|Any CPU
		Release|Any CPU = Release|Any CPU
	EndGlobalSection
	GlobalSection(ProjectConfigurationPlatforms) = postSolution
		{7D69F535-7A35-4686-A96D-4F7207D15F42}.Debug|Any CPU.ActiveCfg = Debug|Any CPU
		{7D69F535-7A35-4686-A96D-4F7207D15F42}.Debug|Any CPU.Build.0 = Debug|Any CPU
		{7D69F535-7A35-4686-A96D-4F7207D15F42}.Release|Any CPU.ActiveCfg = Release|Any CPU
		{7D69F535-7A35-4686-A96D-4F7207D15F42}.Release|Any CPU.Build.0 = Release|Any CPU
	EndGlobalSection
	GlobalSection(SolutionProperties) = preSolution
		HideSolutionNode = FALSE
	EndGlobalSection
	GlobalSection(ExtensibilityGlobals) = postSolution
		SolutionGuid = {6621370F-7C0C-4B7A-8E10-6A58EBAC09BC}
	EndGlobalSection
EndGlobal
